
Microsoft Visual Studio Solution File, Format Version 12.00
# Visual Studio Version 16
VisualStudioVersion = 16.0.32428.217
MinimumVisualStudioVersion = 10.0.40219.1
Project("{FAE04EC0-301F-11D3-BF4B-00C04F79EFBC}") = "UserIdentity", "UserIdentity\UserIdentity.csproj", "{FB768D21-9B00-42E1-8BD5-E521FDEF0448}"
EndProject
Global
	GlobalSection(SolutionConfigurationPlatforms) = preSolution
		Debug|Any CPU = Debug|Any CPU
		Release|Any CPU = Release|Any CPU
	EndGlobalSection
	GlobalSection(ProjectConfigurationPlatforms) = postSolution
		{FB768D21-9B00-42E1-8BD5-E521FDEF0448}.Debug|Any CPU.ActiveCfg = Debug|Any CPU
		{FB768D21-9B00-42E1-8BD5-E521FDEF0448}.Debug|Any CPU.Build.0 = Debug|Any CPU
		{FB768D21-9B00-42E1-8BD5-E521FDEF0448}.Release|Any CPU.ActiveCfg = Release|Any CPU
		{FB768D21-9B00-42E1-8BD5-E521FDEF0448}.Release|Any CPU.Build.0 = Release|Any CPU
	EndGlobalSection
	GlobalSection(SolutionProperties) = preSolution
		HideSolutionNode = FALSE
	EndGlobalSection
	GlobalSection(ExtensibilityGlobals) = postSolution
		SolutionGuid = {CB1FA1DE-E4A2-44B9-B8F1-F3DF48C9DA83}
	EndGlobalSection
EndGlobal
